
Microsoft Visual Studio Solution File, Format Version 12.00
# Visual Studio Version 17
VisualStudioVersion = 17.0.31903.59
MinimumVisualStudioVersion = 10.0.40219.1
Project("{2150E333-8FDC-42A3-9474-1A3956D46DE8}") = "src", "src", "{827E0CD3-B72D-47B6-A68D-7590B98EB39B}"
EndProject
Project("{FAE04EC0-301F-11D3-BF4B-00C04F79EFBC}") = "WhatsBiz.Api", "src\WhatsBiz.Api\WhatsBiz.Api.csproj", "{A79CA7E6-14F8-4089-AB7A-DE499B88389D}"
EndProject
Project("{FAE04EC0-301F-11D3-BF4B-00C04F79EFBC}") = "WhatsBiz.Application", "src\WhatsBiz.Application\WhatsBiz.Application.csproj", "{AECEA411-A63F-451C-8DDD-BF32EB6668C7}"
EndProject
Project("{FAE04EC0-301F-11D3-BF4B-00C04F79EFBC}") = "WhatsBiz.Domain", "src\WhatsBiz.Domain\WhatsBiz.Domain.csproj", "{7FAC0A62-003D-47D8-A5C2-8E979392CEFC}"
EndProject
Project("{FAE04EC0-301F-11D3-BF4B-00C04F79EFBC}") = "WhatsBiz.Infrastructure", "src\WhatsBiz.Infrastructure\WhatsBiz.Infrastructure.csproj", "{36DEB7D4-120D-4DE9-8B64-73609A87BCF5}"
EndProject
Project("{FAE04EC0-301F-11D3-BF4B-00C04F79EFBC}") = "WhatsBiz.Contracts", "src\WhatsBiz.Contracts\WhatsBiz.Contracts.csproj", "{59D45D53-3F7F-4D85-B283-CE1865D1BFB4}"
EndProject
Project("{FAE04EC0-301F-11D3-BF4B-00C04F79EFBC}") = "WhatsBiz.SharedKernel", "src\WhatsBiz.SharedKernel\WhatsBiz.SharedKernel.csproj", "{CC68A52A-FB9F-469E-86D7-EA1B754F73C9}"
EndProject
Project("{FAE04EC0-301F-11D3-BF4B-00C04F79EFBC}") = "WhatsBiz.Tests", "tests\WhatsBiz.Tests\WhatsBiz.Tests.csproj", "{9C2B6C13-0F4C-4E28-90FE-42D916421E61}"
EndProject
Global
	GlobalSection(SolutionConfigurationPlatforms) = preSolution
		Debug|Any CPU = Debug|Any CPU
		Debug|x64 = Debug|x64
		Debug|x86 = Debug|x86
		Release|Any CPU = Release|Any CPU
		Release|x64 = Release|x64
		Release|x86 = Release|x86
	EndGlobalSection
	GlobalSection(ProjectConfigurationPlatforms) = postSolution
		{A79CA7E6-14F8-4089-AB7A-DE499B88389D}.Debug|Any CPU.ActiveCfg = Debug|Any CPU
		{A79CA7E6-14F8-4089-AB7A-DE499B88389D}.Debug|Any CPU.Build.0 = Debug|Any CPU
		{A79CA7E6-14F8-4089-AB7A-DE499B88389D}.Debug|x64.ActiveCfg = Debug|Any CPU
		{A79CA7E6-14F8-4089-AB7A-DE499B88389D}.Debug|x64.Build.0 = Debug|Any CPU
		{A79CA7E6-14F8-4089-AB7A-DE499B88389D}.Debug|x86.ActiveCfg = Debug|Any CPU
		{A79CA7E6-14F8-4089-AB7A-DE499B88389D}.Debug|x86.Build.0 = Debug|Any CPU
		{A79CA7E6-14F8-4089-AB7A-DE499B88389D}.Release|Any CPU.ActiveCfg = Release|Any CPU
		{A79CA7E6-14F8-4089-AB7A-DE499B88389D}.Release|Any CPU.Build.0 = Release|Any CPU
		{A79CA7E6-14F8-4089-AB7A-DE499B88389D}.Release|x64.ActiveCfg = Release|Any CPU
		{A79CA7E6-14F8-4089-AB7A-DE499B88389D}.Release|x64.Build.0 = Release|Any CPU
		{A79CA7E6-14F8-4089-AB7A-DE499B88389D}.Release|x86.ActiveCfg = Release|Any CPU
		{A79CA7E6-14F8-4089-AB7A-DE499B88389D}.Release|x86.Build.0 = Release|Any CPU
		{AECEA411-A63F-451C-8DDD-BF32EB6668C7}.Debug|Any CPU.ActiveCfg = Debug|Any CPU
		{AECEA411-A63F-451C-8DDD-BF32EB6668C7}.Debug|Any CPU.Build.0 = Debug|Any CPU
		{AECEA411-A63F-451C-8DDD-BF32EB6668C7}.Debug|x64.ActiveCfg = Debug|Any CPU
		{AECEA411-A63F-451C-8DDD-BF32EB6668C7}.Debug|x64.Build.0 = Debug|Any CPU
		{AECEA411-A63F-451C-8DDD-BF32EB6668C7}.Debug|x86.ActiveCfg = Debug|Any CPU
		{AECEA411-A63F-451C-8DDD-BF32EB6668C7}.Debug|x86.Build.0 = Debug|Any CPU
		{AECEA411-A63F-451C-8DDD-BF32EB6668C7}.Release|Any CPU.ActiveCfg = Release|Any CPU
		{AECEA411-A63F-451C-8DDD-BF32EB6668C7}.Release|Any CPU.Build.0 = Release|Any CPU
		{AECEA411-A63F-451C-8DDD-BF32EB6668C7}.Release|x64.ActiveCfg = Release|Any CPU
		{AECEA411-A63F-451C-8DDD-BF32EB6668C7}.Release|x64.Build.0 = Release|Any CPU
		{AECEA411-A63F-451C-8DDD-BF32EB6668C7}.Release|x86.ActiveCfg = Release|Any CPU
		{AECEA411-A63F-451C-8DDD-BF32EB6668C7}.Release|x86.Build.0 = Release|Any CPU
		{7FAC0A62-003D-47D8-A5C2-8E979392CEFC}.Debug|Any CPU.ActiveCfg = Debug|Any CPU
		{7FAC0A62-003D-47D8-A5C2-8E979392CEFC}.Debug|Any CPU.Build.0 = Debug|Any CPU
		{7FAC0A62-003D-47D8-A5C2-8E979392CEFC}.Debug|x64.ActiveCfg = Debug|Any CPU
		{7FAC0A62-003D-47D8-A5C2-8E979392CEFC}.Debug|x64.Build.0 = Debug|Any CPU
		{7FAC0A62-003D-47D8-A5C2-8E979392CEFC}.Debug|x86.ActiveCfg = Debug|Any CPU
		{7FAC0A62-003D-47D8-A5C2-8E979392CEFC}.Debug|x86.Build.0 = Debug|Any CPU
		{7FAC0A62-003D-47D8-A5C2-8E979392CEFC}.Release|Any CPU.ActiveCfg = Release|Any CPU
		{7FAC0A62-003D-47D8-A5C2-8E979392CEFC}.Release|Any CPU.Build.0 = Release|Any CPU
		{7FAC0A62-003D-47D8-A5C2-8E979392CEFC}.Release|x64.ActiveCfg = Release|Any CPU
		{7FAC0A62-003D-47D8-A5C2-8E979392CEFC}.Release|x64.Build.0 = Release|Any CPU
		{7FAC0A62-003D-47D8-A5C2-8E979392CEFC}.Release|x86.ActiveCfg = Release|Any CPU
		{7FAC0A62-003D-47D8-A5C2-8E979392CEFC}.Release|x86.Build.0 = Release|Any CPU
		{36DEB7D4-120D-4DE9-8B64-73609A87BCF5}.Debug|Any CPU.ActiveCfg = Debug|Any CPU
		{36DEB7D4-120D-4DE9-8B64-73609A87BCF5}.Debug|Any CPU.Build.0 = Debug|Any CPU
		{36DEB7D4-120D-4DE9-8B64-73609A87BCF5}.Debug|x64.ActiveCfg = Debug|Any CPU
		{36DEB7D4-120D-4DE9-8B64-73609A87BCF5}.Debug|x64.Build.0 = Debug|Any CPU
		{36DEB7D4-120D-4DE9-8B64-73609A87BCF5}.Debug|x86.ActiveCfg = Debug|Any CPU
		{36DEB7D4-120D-4DE9-8B64-73609A87BCF5}.Debug|x86.Build.0 = Debug|Any CPU
		{36DEB7D4-120D-4DE9-8B64-73609A87BCF5}.Release|Any CPU.ActiveCfg = Release|Any CPU
		{36DEB7D4-120D-4DE9-8B64-73609A87BCF5}.Release|Any CPU.Build.0 = Release|Any CPU
		{36DEB7D4-120D-4DE9-8B64-73609A87BCF5}.Release|x64.ActiveCfg = Release|Any CPU
		{36DEB7D4-120D-4DE9-8B64-73609A87BCF5}.Release|x64.Build.0 = Release|Any CPU
		{36DEB7D4-120D-4DE9-8B64-73609A87BCF5}.Release|x86.ActiveCfg = Release|Any CPU
		{36DEB7D4-120D-4DE9-8B64-73609A87BCF5}.Release|x86.Build.0 = Release|Any CPU
		{59D45D53-3F7F-4D85-B283-CE1865D1BFB4}.Debug|Any CPU.ActiveCfg = Debug|Any CPU
		{59D45D53-3F7F-4D85-B283-CE1865D1BFB4}.Debug|Any CPU.Build.0 = Debug|Any CPU
		{59D45D53-3F7F-4D85-B283-CE1865D1BFB4}.Debug|x64.ActiveCfg = Debug|Any CPU
		{59D45D53-3F7F-4D85-B283-CE1865D1BFB4}.Debug|x64.Build.0 = Debug|Any CPU
		{59D45D53-3F7F-4D85-B283-CE1865D1BFB4}.Debug|x86.ActiveCfg = Debug|Any CPU
		{59D45D53-3F7F-4D85-B283-CE1865D1BFB4}.Debug|x86.Build.0 = Debug|Any CPU
		{59D45D53-3F7F-4D85-B283-CE1865D1BFB4}.Release|Any CPU.ActiveCfg = Release|Any CPU
		{59D45D53-3F7F-4D85-B283-CE1865D1BFB4}.Release|Any CPU.Build.0 = Release|Any CPU
		{59D45D53-3F7F-4D85-B283-CE1865D1BFB4}.Release|x64.ActiveCfg = Release|Any CPU
		{59D45D53-3F7F-4D85-B283-CE1865D1BFB4}.Release|x64.Build.0 = Release|Any CPU
		{59D45D53-3F7F-4D85-B283-CE1865D1BFB4}.Release|x86.ActiveCfg = Release|Any CPU
		{59D45D53-3F7F-4D85-B283-CE1865D1BFB4}.Release|x86.Build.0 = Release|Any CPU
		{CC68A52A-FB9F-469E-86D7-EA1B754F73C9}.Debug|Any CPU.ActiveCfg = Debug|Any CPU
		{CC68A52A-FB9F-469E-86D7-EA1B754F73C9}.Debug|Any CPU.Build.0 = Debug|Any CPU
		{CC68A52A-FB9F-469E-86D7-EA1B754F73C9}.Debug|x64.ActiveCfg = Debug|Any CPU
		{CC68A52A-FB9F-469E-86D7-EA1B754F73C9}.Debug|x64.Build.0 = Debug|Any CPU
		{CC68A52A-FB9F-469E-86D7-EA1B754F73C9}.Debug|x86.ActiveCfg = Debug|Any CPU
		{CC68A52A-FB9F-469E-86D7-EA1B754F73C9}.Debug|x86.Build.0 = Debug|Any CPU
		{CC68A52A-FB9F-469E-86D7-EA1B754F73C9}.Release|Any CPU.ActiveCfg = Release|Any CPU
		{CC68A52A-FB9F-469E-86D7-EA1B754F73C9}.Release|Any CPU.Build.0 = Release|Any CPU
		{CC68A52A-FB9F-469E-86D7-EA1B754F73C9}.Release|x64.ActiveCfg = Release|Any CPU
		{CC68A52A-FB9F-469E-86D7-EA1B754F73C9}.Release|x64.Build.0 = Release|Any CPU
		{CC68A52A-FB9F-469E-86D7-EA1B754F73C9}.Release|x86.ActiveCfg = Release|Any CPU
		{CC68A52A-FB9F-469E-86D7-EA1B754F73C9}.Release|x86.Build.0 = Release|Any CPU
		{9C2B6C13-0F4C-4E28-90FE-42D916421E61}.Debug|Any CPU.ActiveCfg = Debug|Any CPU
		{9C2B6C13-0F4C-4E28-90FE-42D916421E61}.Debug|Any CPU.Build.0 = Debug|Any CPU
		{9C2B6C13-0F4C-4E28-90FE-42D916421E61}.Debug|x64.ActiveCfg = Debug|Any CPU
		{9C2B6C13-0F4C-4E28-90FE-42D916421E61}.Debug|x64.Build.0 = Debug|Any CPU
		{9C2B6C13-0F4C-4E28-90FE-42D916421E61}.Debug|x86.ActiveCfg = Debug|Any CPU
		{9C2B6C13-0F4C-4E28-90FE-42D916421E61}.Debug|x86.Build.0 = Debug|Any CPU
		{9C2B6C13-0F4C-4E28-90FE-42D916421E61}.Release|Any CPU.ActiveCfg = Release|Any CPU
		{9C2B6C13-0F4C-4E28-90FE-42D916421E61}.Release|Any CPU.Build.0 = Release|Any CPU
		{9C2B6C13-0F4C-4E28-90FE-42D916421E61}.Release|x64.ActiveCfg = Release|Any CPU
		{9C2B6C13-0F4C-4E28-90FE-42D916421E61}.Release|x64.Build.0 = Release|Any CPU
		{9C2B6C13-0F4C-4E28-90FE-42D916421E61}.Release|x86.ActiveCfg = Release|Any CPU
		{9C2B6C13-0F4C-4E28-90FE-42D916421E61}.Release|x86.Build.0 = Release|Any CPU
	EndGlobalSection
	GlobalSection(SolutionProperties) = preSolution
		HideSolutionNode = FALSE
	EndGlobalSection
	GlobalSection(NestedProjects) = preSolution
		{A79CA7E6-14F8-4089-AB7A-DE499B88389D} = {827E0CD3-B72D-47B6-A68D-7590B98EB39B}
		{AECEA411-A63F-451C-8DDD-BF32EB6668C7} = {827E0CD3-B72D-47B6-A68D-7590B98EB39B}
		{7FAC0A62-003D-47D8-A5C2-8E979392CEFC} = {827E0CD3-B72D-47B6-A68D-7590B98EB39B}
		{36DEB7D4-120D-4DE9-8B64-73609A87BCF5} = {827E0CD3-B72D-47B6-A68D-7590B98EB39B}
		{59D45D53-3F7F-4D85-B283-CE1865D1BFB4} = {827E0CD3-B72D-47B6-A68D-7590B98EB39B}
		{CC68A52A-FB9F-469E-86D7-EA1B754F73C9} = {827E0CD3-B72D-47B6-A68D-7590B98EB39B}
		{9C2B6C13-0F4C-4E28-90FE-42D916421E61} = {827E0CD3-B72D-47B6-A68D-7590B98EB39B}
	EndGlobalSection
EndGlobal
